
Microsoft Visual Studio Solution File, Format Version 12.00
# Visual Studio Version 16
VisualStudioVersion = 16.0.29911.84
MinimumVisualStudioVersion = 10.0.40219.1
Project("{FAE04EC0-301F-11D3-BF4B-00C04F79EFBC}") = "ADOSample", "ADOSample\ADOSample.csproj", "{0BAA29A2-53E0-4E11-96FE-18FD9695A8DB}"
EndProject
Global
	GlobalSection(SolutionConfigurationPlatforms) = preSolution
		Debug|Any CPU = Debug|Any CPU
		Release|Any CPU = Release|Any CPU
	EndGlobalSection
	GlobalSection(ProjectConfigurationPlatforms) = postSolution
		{0BAA29A2-53E0-4E11-96FE-18FD9695A8DB}.Debug|Any CPU.ActiveCfg = Debug|Any CPU
		{0BAA29A2-53E0-4E11-96FE-18FD9695A8DB}.Debug|Any CPU.Build.0 = Debug|Any CPU
		{0BAA29A2-53E0-4E11-96FE-18FD9695A8DB}.Release|Any CPU.ActiveCfg = Release|Any CPU
		{0BAA29A2-53E0-4E11-96FE-18FD9695A8DB}.Release|Any CPU.Build.0 = Release|Any CPU
	EndGlobalSection
	GlobalSection(SolutionProperties) = preSolution
		HideSolutionNode = FALSE
	EndGlobalSection
	GlobalSection(ExtensibilityGlobals) = postSolution
		SolutionGuid = {ADF4360A-336F-4CEE-A8D6-CF6877078D90}
	EndGlobalSection
EndGlobal
